
Microsoft Visual Studio Solution File, Format Version 12.00
# Visual Studio Version 16
VisualStudioVersion = 16.0.31727.386
MinimumVisualStudioVersion = 10.0.40219.1
Project("{2150E333-8FDC-42A3-9474-1A3956D46DE8}") = "Recursion and Backtracking", "Recursion and Backtracking", "{B3A9F856-03C0-4564-8458-C73CD9BEC238}"
EndProject
Project("{9A19103F-16F7-4668-BE54-9A1E7A4F7556}") = "RecursiveArraySum", "RecursiveArraySum\RecursiveArraySum.csproj", "{4539DFC1-312C-4F6A-A26E-A573CEA4CF35}"
EndProject
Project("{9A19103F-16F7-4668-BE54-9A1E7A4F7556}") = "RecursiveDrawing", "RecursiveDrawing\RecursiveDrawing.csproj", "{E8D0606B-E869-4E6C-8138-AF6BE8F4F866}"
EndProject
Project("{9A19103F-16F7-4668-BE54-9A1E7A4F7556}") = "Generatin 0or1 Vectors", "Generatin 0or1 Vectors\Generatin 0or1 Vectors.csproj", "{7F9A87C7-06BC-425D-B1AE-0BB411977694}"
EndProject
Project("{9A19103F-16F7-4668-BE54-9A1E7A4F7556}") = "RecursiveFactorial", "RecursiveFactorial\RecursiveFactorial.csproj", "{8BCF4427-251A-4387-B2A3-19B7ED6973E4}"
EndProject
Project("{9A19103F-16F7-4668-BE54-9A1E7A4F7556}") = "FindAllPathsInALabyrinth", "FindAllPathsInALabyrinth\FindAllPathsInALabyrinth.csproj", "{EEDB91A3-7D1D-4C04-B5F5-762918191F24}"
EndProject
Project("{9A19103F-16F7-4668-BE54-9A1E7A4F7556}") = "RecursiveFibonacci", "RecursiveFibonacci\RecursiveFibonacci.csproj", "{762D3C3E-FD0A-414B-81A7-3F7B2B8F1FF2}"
EndProject
Project("{2150E333-8FDC-42A3-9474-1A3956D46DE8}") = "Permutations, Variations and Combinations", "Permutations, Variations and Combinations", "{3DAFA489-0098-4596-88C2-E4EED3997C4E}"
EndProject
Project("{9A19103F-16F7-4668-BE54-9A1E7A4F7556}") = "Permutations without Repetitions", "Permutations without Repetitions\Permutations without Repetitions.csproj", "{B9262AF6-90DD-4E4D-B6BA-5309025E4E3B}"
EndProject
Project("{9A19103F-16F7-4668-BE54-9A1E7A4F7556}") = "Permutation with Repetitions", "Permutation with Repetitions\Permutation with Repetitions.csproj", "{9A4FD6CC-DC98-4C00-8911-E5D22F278B81}"
EndProject
Project("{9A19103F-16F7-4668-BE54-9A1E7A4F7556}") = "Variations without Repetitions", "Variations without Repetitions\Variations without Repetitions.csproj", "{71355071-FD51-4EF0-B335-6AD6BB462B4B}"
EndProject
Project("{9A19103F-16F7-4668-BE54-9A1E7A4F7556}") = "Variations with Repetitions", "Variations with Repetitions\Variations with Repetitions.csproj", "{1BF856B2-24DA-4BA9-B720-56F860126EE2}"
EndProject
Project("{9A19103F-16F7-4668-BE54-9A1E7A4F7556}") = "Combinations without Repetitions", "Combinations without Repetitions\Combinations without Repetitions.csproj", "{EEF48D76-7472-4A49-A333-11568FE282D6}"
EndProject
Project("{9A19103F-16F7-4668-BE54-9A1E7A4F7556}") = "Combinations with Repetitions", "Combinations with Repetitions\Combinations with Repetitions.csproj", "{0083E7FD-4D85-47C0-B583-335BA270D9CF}"
EndProject
Project("{9A19103F-16F7-4668-BE54-9A1E7A4F7556}") = "N choose K count", "N choose K count\N choose K count.csproj", "{3E1F9EC6-B36B-45BC-97C3-0F1516033970}"
EndProject
Project("{2150E333-8FDC-42A3-9474-1A3956D46DE8}") = "Searching, Sorting and Greedy Algorithms", "Searching, Sorting and Greedy Algorithms", "{F46D14FC-885A-4CF9-9765-74FBBD553210}"
EndProject
Project("{9A19103F-16F7-4668-BE54-9A1E7A4F7556}") = "BinarySearch", "BinarySearch\BinarySearch.csproj", "{55713719-65E3-4111-AF55-8BFD951C7882}"
EndProject
Project("{9A19103F-16F7-4668-BE54-9A1E7A4F7556}") = "SelectionSort", "SelectionSort\SelectionSort.csproj", "{D0599C12-826C-40BF-9F58-3C63327CF04D}"
EndProject
Project("{FAE04EC0-301F-11D3-BF4B-00C04F79EFBC}") = "BubbleSort", "BubbleSort\BubbleSort.csproj", "{839E163D-FF05-4429-B88F-EF60347C68A8}"
EndProject
Project("{FAE04EC0-301F-11D3-BF4B-00C04F79EFBC}") = "InsertionSort", "InsertionSort\InsertionSort.csproj", "{B6E504CF-C066-42DF-B8F1-E85CB9160109}"
EndProject
Global
	GlobalSection(SolutionConfigurationPlatforms) = preSolution
		Debug|Any CPU = Debug|Any CPU
		Release|Any CPU = Release|Any CPU
	EndGlobalSection
	GlobalSection(ProjectConfigurationPlatforms) = postSolution
		{4539DFC1-312C-4F6A-A26E-A573CEA4CF35}.Debug|Any CPU.ActiveCfg = Debug|Any CPU
		{4539DFC1-312C-4F6A-A26E-A573CEA4CF35}.Debug|Any CPU.Build.0 = Debug|Any CPU
		{4539DFC1-312C-4F6A-A26E-A573CEA4CF35}.Release|Any CPU.ActiveCfg = Release|Any CPU
		{4539DFC1-312C-4F6A-A26E-A573CEA4CF35}.Release|Any CPU.Build.0 = Release|Any CPU
		{E8D0606B-E869-4E6C-8138-AF6BE8F4F866}.Debug|Any CPU.ActiveCfg = Debug|Any CPU
		{E8D0606B-E869-4E6C-8138-AF6BE8F4F866}.Debug|Any CPU.Build.0 = Debug|Any CPU
		{E8D0606B-E869-4E6C-8138-AF6BE8F4F866}.Release|Any CPU.ActiveCfg = Release|Any CPU
		{E8D0606B-E869-4E6C-8138-AF6BE8F4F866}.Release|Any CPU.Build.0 = Release|Any CPU
		{7F9A87C7-06BC-425D-B1AE-0BB411977694}.Debug|Any CPU.ActiveCfg = Debug|Any CPU
		{7F9A87C7-06BC-425D-B1AE-0BB411977694}.Debug|Any CPU.Build.0 = Debug|Any CPU
		{7F9A87C7-06BC-425D-B1AE-0BB411977694}.Release|Any CPU.ActiveCfg = Release|Any CPU
		{7F9A87C7-06BC-425D-B1AE-0BB411977694}.Release|Any CPU.Build.0 = Release|Any CPU
		{8BCF4427-251A-4387-B2A3-19B7ED6973E4}.Debug|Any CPU.ActiveCfg = Debug|Any CPU
		{8BCF4427-251A-4387-B2A3-19B7ED6973E4}.Debug|Any CPU.Build.0 = Debug|Any CPU
		{8BCF4427-251A-4387-B2A3-19B7ED6973E4}.Release|Any CPU.ActiveCfg = Release|Any CPU
		{8BCF4427-251A-4387-B2A3-19B7ED6973E4}.Release|Any CPU.Build.0 = Release|Any CPU
		{EEDB91A3-7D1D-4C04-B5F5-762918191F24}.Debug|Any CPU.ActiveCfg = Debug|Any CPU
		{EEDB91A3-7D1D-4C04-B5F5-762918191F24}.Debug|Any CPU.Build.0 = Debug|Any CPU
		{EEDB91A3-7D1D-4C04-B5F5-762918191F24}.Release|Any CPU.ActiveCfg = Release|Any CPU
		{EEDB91A3-7D1D-4C04-B5F5-762918191F24}.Release|Any CPU.Build.0 = Release|Any CPU
		{762D3C3E-FD0A-414B-81A7-3F7B2B8F1FF2}.Debug|Any CPU.ActiveCfg = Debug|Any CPU
		{762D3C3E-FD0A-414B-81A7-3F7B2B8F1FF2}.Debug|Any CPU.Build.0 = Debug|Any CPU
		{762D3C3E-FD0A-414B-81A7-3F7B2B8F1FF2}.Release|Any CPU.ActiveCfg = Release|Any CPU
		{762D3C3E-FD0A-414B-81A7-3F7B2B8F1FF2}.Release|Any CPU.Build.0 = Release|Any CPU
		{B9262AF6-90DD-4E4D-B6BA-5309025E4E3B}.Debug|Any CPU.ActiveCfg = Debug|Any CPU
		{B9262AF6-90DD-4E4D-B6BA-5309025E4E3B}.Debug|Any CPU.Build.0 = Debug|Any CPU
		{B9262AF6-90DD-4E4D-B6BA-5309025E4E3B}.Release|Any CPU.ActiveCfg = Release|Any CPU
		{B9262AF6-90DD-4E4D-B6BA-5309025E4E3B}.Release|Any CPU.Build.0 = Release|Any CPU
		{9A4FD6CC-DC98-4C00-8911-E5D22F278B81}.Debug|Any CPU.ActiveCfg = Debug|Any CPU
		{9A4FD6CC-DC98-4C00-8911-E5D22F278B81}.Debug|Any CPU.Build.0 = Debug|Any CPU
		{9A4FD6CC-DC98-4C00-8911-E5D22F278B81}.Release|Any CPU.ActiveCfg = Release|Any CPU
		{9A4FD6CC-DC98-4C00-8911-E5D22F278B81}.Release|Any CPU.Build.0 = Release|Any CPU
		{71355071-FD51-4EF0-B335-6AD6BB462B4B}.Debug|Any CPU.ActiveCfg = Debug|Any CPU
		{71355071-FD51-4EF0-B335-6AD6BB462B4B}.Debug|Any CPU.Build.0 = Debug|Any CPU
		{71355071-FD51-4EF0-B335-6AD6BB462B4B}.Release|Any CPU.ActiveCfg = Release|Any CPU
		{71355071-FD51-4EF0-B335-6AD6BB462B4B}.Release|Any CPU.Build.0 = Release|Any CPU
		{1BF856B2-24DA-4BA9-B720-56F860126EE2}.Debug|Any CPU.ActiveCfg = Debug|Any CPU
		{1BF856B2-24DA-4BA9-B720-56F860126EE2}.Debug|Any CPU.Build.0 = Debug|Any CPU
		{1BF856B2-24DA-4BA9-B720-56F860126EE2}.Release|Any CPU.ActiveCfg = Release|Any CPU
		{1BF856B2-24DA-4BA9-B720-56F860126EE2}.Release|Any CPU.Build.0 = Release|Any CPU
		{EEF48D76-7472-4A49-A333-11568FE282D6}.Debug|Any CPU.ActiveCfg = Debug|Any CPU
		{EEF48D76-7472-4A49-A333-11568FE282D6}.Debug|Any CPU.Build.0 = Debug|Any CPU
		{EEF48D76-7472-4A49-A333-11568FE282D6}.Release|Any CPU.ActiveCfg = Release|Any CPU
		{EEF48D76-7472-4A49-A333-11568FE282D6}.Release|Any CPU.Build.0 = Release|Any CPU
		{0083E7FD-4D85-47C0-B583-335BA270D9CF}.Debug|Any CPU.ActiveCfg = Debug|Any CPU
		{0083E7FD-4D85-47C0-B583-335BA270D9CF}.Debug|Any CPU.Build.0 = Debug|Any CPU
		{0083E7FD-4D85-47C0-B583-335BA270D9CF}.Release|Any CPU.ActiveCfg = Release|Any CPU
		{0083E7FD-4D85-47C0-B583-335BA270D9CF}.Release|Any CPU.Build.0 = Release|Any CPU
		{3E1F9EC6-B36B-45BC-97C3-0F1516033970}.Debug|Any CPU.ActiveCfg = Debug|Any CPU
		{3E1F9EC6-B36B-45BC-97C3-0F1516033970}.Debug|Any CPU.Build.0 = Debug|Any CPU
		{3E1F9EC6-B36B-45BC-97C3-0F1516033970}.Release|Any CPU.ActiveCfg = Release|Any CPU
		{3E1F9EC6-B36B-45BC-97C3-0F1516033970}.Release|Any CPU.Build.0 = Release|Any CPU
		{55713719-65E3-4111-AF55-8BFD951C7882}.Debug|Any CPU.ActiveCfg = Debug|Any CPU
		{55713719-65E3-4111-AF55-8BFD951C7882}.Debug|Any CPU.Build.0 = Debug|Any CPU
		{55713719-65E3-4111-AF55-8BFD951C7882}.Release|Any CPU.ActiveCfg = Release|Any CPU
		{55713719-65E3-4111-AF55-8BFD951C7882}.Release|Any CPU.Build.0 = Release|Any CPU
		{D0599C12-826C-40BF-9F58-3C63327CF04D}.Debug|Any CPU.ActiveCfg = Debug|Any CPU
		{D0599C12-826C-40BF-9F58-3C63327CF04D}.Debug|Any CPU.Build.0 = Debug|Any CPU
		{D0599C12-826C-40BF-9F58-3C63327CF04D}.Release|Any CPU.ActiveCfg = Release|Any CPU
		{D0599C12-826C-40BF-9F58-3C63327CF04D}.Release|Any CPU.Build.0 = Release|Any CPU
		{839E163D-FF05-4429-B88F-EF60347C68A8}.Debug|Any CPU.ActiveCfg = Debug|Any CPU
		{839E163D-FF05-4429-B88F-EF60347C68A8}.Debug|Any CPU.Build.0 = Debug|Any CPU
		{839E163D-FF05-4429-B88F-EF60347C68A8}.Release|Any CPU.ActiveCfg = Release|Any CPU
		{839E163D-FF05-4429-B88F-EF60347C68A8}.Release|Any CPU.Build.0 = Release|Any CPU
		{B6E504CF-C066-42DF-B8F1-E85CB9160109}.Debug|Any CPU.ActiveCfg = Debug|Any CPU
		{B6E504CF-C066-42DF-B8F1-E85CB9160109}.Debug|Any CPU.Build.0 = Debug|Any CPU
		{B6E504CF-C066-42DF-B8F1-E85CB9160109}.Release|Any CPU.ActiveCfg = Release|Any CPU
		{B6E504CF-C066-42DF-B8F1-E85CB9160109}.Release|Any CPU.Build.0 = Release|Any CPU
	EndGlobalSection
	GlobalSection(SolutionProperties) = preSolution
		HideSolutionNode = FALSE
	EndGlobalSection
	GlobalSection(NestedProjects) = preSolution
		{4539DFC1-312C-4F6A-A26E-A573CEA4CF35} = {B3A9F856-03C0-4564-8458-C73CD9BEC238}
		{E8D0606B-E869-4E6C-8138-AF6BE8F4F866} = {B3A9F856-03C0-4564-8458-C73CD9BEC238}
		{7F9A87C7-06BC-425D-B1AE-0BB411977694} = {B3A9F856-03C0-4564-8458-C73CD9BEC238}
		{8BCF4427-251A-4387-B2A3-19B7ED6973E4} = {B3A9F856-03C0-4564-8458-C73CD9BEC238}
		{EEDB91A3-7D1D-4C04-B5F5-762918191F24} = {B3A9F856-03C0-4564-8458-C73CD9BEC238}
		{762D3C3E-FD0A-414B-81A7-3F7B2B8F1FF2} = {B3A9F856-03C0-4564-8458-C73CD9BEC238}
		{B9262AF6-90DD-4E4D-B6BA-5309025E4E3B} = {3DAFA489-0098-4596-88C2-E4EED3997C4E}
		{9A4FD6CC-DC98-4C00-8911-E5D22F278B81} = {3DAFA489-0098-4596-88C2-E4EED3997C4E}
		{71355071-FD51-4EF0-B335-6AD6BB462B4B} = {3DAFA489-0098-4596-88C2-E4EED3997C4E}
		{1BF856B2-24DA-4BA9-B720-56F860126EE2} = {3DAFA489-0098-4596-88C2-E4EED3997C4E}
		{EEF48D76-7472-4A49-A333-11568FE282D6} = {3DAFA489-0098-4596-88C2-E4EED3997C4E}
		{0083E7FD-4D85-47C0-B583-335BA270D9CF} = {3DAFA489-0098-4596-88C2-E4EED3997C4E}
		{3E1F9EC6-B36B-45BC-97C3-0F1516033970} = {3DAFA489-0098-4596-88C2-E4EED3997C4E}
		{55713719-65E3-4111-AF55-8BFD951C7882} = {F46D14FC-885A-4CF9-9765-74FBBD553210}
		{D0599C12-826C-40BF-9F58-3C63327CF04D} = {F46D14FC-885A-4CF9-9765-74FBBD553210}
		{839E163D-FF05-4429-B88F-EF60347C68A8} = {F46D14FC-885A-4CF9-9765-74FBBD553210}
		{B6E504CF-C066-42DF-B8F1-E85CB9160109} = {F46D14FC-885A-4CF9-9765-74FBBD553210}
	EndGlobalSection
	GlobalSection(ExtensibilityGlobals) = postSolution
		SolutionGuid = {8E996AB9-053C-4B49-A9D0-FE91E654733F}
	EndGlobalSection
EndGlobal
